
Microsoft Visual Studio Solution File, Format Version 12.00
# Visual Studio Version 17
VisualStudioVersion = 17.1.32328.378
MinimumVisualStudioVersion = 10.0.40219.1
Project("{FAE04EC0-301F-11D3-BF4B-00C04F79EFBC}") = "ECommerce", "ECommerce.csproj", "{C710D855-893F-404F-8AAC-9B1E3A482434}"
EndProject
Global
	GlobalSection(SolutionConfigurationPlatforms) = preSolution
		Debug|Any CPU = Debug|Any CPU
		Release|Any CPU = Release|Any CPU
	EndGlobalSection
	GlobalSection(ProjectConfigurationPlatforms) = postSolution
		{C710D855-893F-404F-8AAC-9B1E3A482434}.Debug|Any CPU.ActiveCfg = Debug|Any CPU
		{C710D855-893F-404F-8AAC-9B1E3A482434}.Debug|Any CPU.Build.0 = Debug|Any CPU
		{C710D855-893F-404F-8AAC-9B1E3A482434}.Release|Any CPU.ActiveCfg = Release|Any CPU
		{C710D855-893F-404F-8AAC-9B1E3A482434}.Release|Any CPU.Build.0 = Release|Any CPU
	EndGlobalSection
	GlobalSection(SolutionProperties) = preSolution
		HideSolutionNode = FALSE
	EndGlobalSection
	GlobalSection(ExtensibilityGlobals) = postSolution
		SolutionGuid = {564F89CD-60CD-4322-B189-317B19B2EDFE}
	EndGlobalSection
EndGlobal
